
Microsoft Visual Studio Solution File, Format Version 12.00
# Visual Studio Version 17
VisualStudioVersion = 17.5.33530.505
MinimumVisualStudioVersion = 10.0.40219.1
Project("{FAE04EC0-301F-11D3-BF4B-00C04F79EFBC}") = "LambdasApp", "LambdasApp\LambdasApp.csproj", "{911F65AA-708F-4EC4-88D3-C865045B1ECD}"
EndProject
Global
	GlobalSection(SolutionConfigurationPlatforms) = preSolution
		Debug|Any CPU = Debug|Any CPU
		Release|Any CPU = Release|Any CPU
	EndGlobalSection
	GlobalSection(ProjectConfigurationPlatforms) = postSolution
		{911F65AA-708F-4EC4-88D3-C865045B1ECD}.Debug|Any CPU.ActiveCfg = Debug|Any CPU
		{911F65AA-708F-4EC4-88D3-C865045B1ECD}.Debug|Any CPU.Build.0 = Debug|Any CPU
		{911F65AA-708F-4EC4-88D3-C865045B1ECD}.Release|Any CPU.ActiveCfg = Release|Any CPU
		{911F65AA-708F-4EC4-88D3-C865045B1ECD}.Release|Any CPU.Build.0 = Release|Any CPU
	EndGlobalSection
	GlobalSection(SolutionProperties) = preSolution
		HideSolutionNode = FALSE
	EndGlobalSection
	GlobalSection(ExtensibilityGlobals) = postSolution
		SolutionGuid = {784E2DE7-5226-4D5D-B5A6-B10FA50AA54A}
	EndGlobalSection
EndGlobal
